
Microsoft Visual Studio Solution File, Format Version 12.00
# Visual Studio 2012
Project("{8BC9CEB8-8B4A-11D0-8D11-00A0C91BC942}") = "OpenMP_matrix", "OpenMP_matrix\OpenMP_matrix.vcxproj", "{181E5BAA-9468-4FC6-AB53-E8CE07C66884}"
EndProject
Project("{8BC9CEB8-8B4A-11D0-8D11-00A0C91BC942}") = "AMP", "AMP\AMP.vcxproj", "{03ABC37E-6B38-4391-B3AB-012C2A3458B4}"
EndProject
Project("{8BC9CEB8-8B4A-11D0-8D11-00A0C91BC942}") = "MPI", "MPI\MPI.vcxproj", "{881C2693-9775-43E4-9207-22F4C28DB928}"
EndProject
Global
	GlobalSection(SolutionConfigurationPlatforms) = preSolution
		Debug|Mixed Platforms = Debug|Mixed Platforms
		Debug|Win32 = Debug|Win32
		Debug|x64 = Debug|x64
		Release|Mixed Platforms = Release|Mixed Platforms
		Release|Win32 = Release|Win32
		Release|x64 = Release|x64
	EndGlobalSection
	GlobalSection(ProjectConfigurationPlatforms) = postSolution
		{181E5BAA-9468-4FC6-AB53-E8CE07C66884}.Debug|Mixed Platforms.ActiveCfg = Debug|Win32
		{181E5BAA-9468-4FC6-AB53-E8CE07C66884}.Debug|Mixed Platforms.Build.0 = Debug|Win32
		{181E5BAA-9468-4FC6-AB53-E8CE07C66884}.Debug|Win32.ActiveCfg = Debug|Win32
		{181E5BAA-9468-4FC6-AB53-E8CE07C66884}.Debug|Win32.Build.0 = Debug|Win32
		{181E5BAA-9468-4FC6-AB53-E8CE07C66884}.Debug|x64.ActiveCfg = Debug|x64
		{181E5BAA-9468-4FC6-AB53-E8CE07C66884}.Debug|x64.Build.0 = Debug|x64
		{181E5BAA-9468-4FC6-AB53-E8CE07C66884}.Release|Mixed Platforms.ActiveCfg = Release|Win32
		{181E5BAA-9468-4FC6-AB53-E8CE07C66884}.Release|Mixed Platforms.Build.0 = Release|Win32
		{181E5BAA-9468-4FC6-AB53-E8CE07C66884}.Release|Win32.ActiveCfg = Release|Win32
		{181E5BAA-9468-4FC6-AB53-E8CE07C66884}.Release|Win32.Build.0 = Release|Win32
		{181E5BAA-9468-4FC6-AB53-E8CE07C66884}.Release|x64.ActiveCfg = Release|x64
		{181E5BAA-9468-4FC6-AB53-E8CE07C66884}.Release|x64.Build.0 = Release|x64
		{03ABC37E-6B38-4391-B3AB-012C2A3458B4}.Debug|Mixed Platforms.ActiveCfg = Debug|Win32
		{03ABC37E-6B38-4391-B3AB-012C2A3458B4}.Debug|Mixed Platforms.Build.0 = Debug|Win32
		{03ABC37E-6B38-4391-B3AB-012C2A3458B4}.Debug|Win32.ActiveCfg = Debug|Win32
		{03ABC37E-6B38-4391-B3AB-012C2A3458B4}.Debug|Win32.Build.0 = Debug|Win32
		{03ABC37E-6B38-4391-B3AB-012C2A3458B4}.Debug|x64.ActiveCfg = Debug|x64
		{03ABC37E-6B38-4391-B3AB-012C2A3458B4}.Debug|x64.Build.0 = Debug|x64
		{03ABC37E-6B38-4391-B3AB-012C2A3458B4}.Release|Mixed Platforms.ActiveCfg = Release|Win32
		{03ABC37E-6B38-4391-B3AB-012C2A3458B4}.Release|Mixed Platforms.Build.0 = Release|Win32
		{03ABC37E-6B38-4391-B3AB-012C2A3458B4}.Release|Win32.ActiveCfg = Release|Win32
		{03ABC37E-6B38-4391-B3AB-012C2A3458B4}.Release|Win32.Build.0 = Release|Win32
		{03ABC37E-6B38-4391-B3AB-012C2A3458B4}.Release|x64.ActiveCfg = Release|x64
		{03ABC37E-6B38-4391-B3AB-012C2A3458B4}.Release|x64.Build.0 = Release|x64
		{881C2693-9775-43E4-9207-22F4C28DB928}.Debug|Mixed Platforms.ActiveCfg = Debug|Win32
		{881C2693-9775-43E4-9207-22F4C28DB928}.Debug|Mixed Platforms.Build.0 = Debug|Win32
		{881C2693-9775-43E4-9207-22F4C28DB928}.Debug|Win32.ActiveCfg = Debug|Win32
		{881C2693-9775-43E4-9207-22F4C28DB928}.Debug|Win32.Build.0 = Debug|Win32
		{881C2693-9775-43E4-9207-22F4C28DB928}.Debug|x64.ActiveCfg = Debug|x64
		{881C2693-9775-43E4-9207-22F4C28DB928}.Debug|x64.Build.0 = Debug|x64
		{881C2693-9775-43E4-9207-22F4C28DB928}.Release|Mixed Platforms.ActiveCfg = Release|Win32
		{881C2693-9775-43E4-9207-22F4C28DB928}.Release|Mixed Platforms.Build.0 = Release|Win32
		{881C2693-9775-43E4-9207-22F4C28DB928}.Release|Win32.ActiveCfg = Release|Win32
		{881C2693-9775-43E4-9207-22F4C28DB928}.Release|Win32.Build.0 = Release|Win32
		{881C2693-9775-43E4-9207-22F4C28DB928}.Release|x64.ActiveCfg = Release|x64
		{881C2693-9775-43E4-9207-22F4C28DB928}.Release|x64.Build.0 = Release|x64
	EndGlobalSection
	GlobalSection(SolutionProperties) = preSolution
		HideSolutionNode = FALSE
	EndGlobalSection
EndGlobal
